# This file is automatically @generated by Poetry 1.7.1 and should not be changed by hand.

[[package]]
name = "asgiref"
version = "3.7.2"
description = "ASGI specs, helper code, and adapters"
optional = false
python-versions = ">=3.7"
files = [
    {file = "asgiref-3.7.2-py3-none-any.whl", hash = "sha256:89b2ef2247e3b562a16eef663bc0e2e703ec6468e2fa8a5cd61cd449786d4f6e"},
    {file = "asgiref-3.7.2.tar.gz", hash = "sha256:9e0ce3aa93a819ba5b45120216b23878cf6e8525eb3848653452b4192b92afed"},
]

[package.extras]
tests = ["mypy (>=0.800)", "pytest", "pytest-asyncio"]

[[package]]
name = "django"
version = "5.0.1"
description = "A high-level Python web framework that encourages rapid development and clean, pragmatic design."
optional = false
python-versions = ">=3.10"
files = [
    {file = "Django-5.0.1-py3-none-any.whl", hash = "sha256:f47a37a90b9bbe2c8ec360235192c7fddfdc832206fcf618bb849b39256affc1"},
    {file = "Django-5.0.1.tar.gz", hash = "sha256:8c8659665bc6e3a44fefe1ab0a291e5a3fb3979f9a8230be29de975e57e8f854"},
]

[package.dependencies]
asgiref = ">=3.7.0,<4"
sqlparse = ">=0.3.1"
tzdata = {version = "*", markers = "sys_platform == \"win32\""}

[package.extras]
argon2 = ["argon2-cffi (>=19.1.0)"]
bcrypt = ["bcrypt"]

[[package]]
name = "django-bootstrap5"
version = "23.4"
description = "Bootstrap 5 for Django"
optional = false
python-versions = ">=3.8"
files = [
    {file = "django-bootstrap5-23.4.tar.gz", hash = "sha256:fbf9942a17e1f48b4142e78df9e85afb65e4066a20e38ec7c497d36ae5ef7256"},
    {file = "django_bootstrap5-23.4-py3-none-any.whl", hash = "sha256:5181bf1e97afae6211e963f28f48d4a90c937a3b036b3f752f52260f0029f3bc"},
]

[package.dependencies]
Django = ">=3.2"

[[package]]
name = "django-extensions"
version = "3.2.3"
description = "Extensions for Django"
optional = false
python-versions = ">=3.6"
files = [
    {file = "django-extensions-3.2.3.tar.gz", hash = "sha256:44d27919d04e23b3f40231c4ab7af4e61ce832ef46d610cc650d53e68328410a"},
    {file = "django_extensions-3.2.3-py3-none-any.whl", hash = "sha256:9600b7562f79a92cbf1fde6403c04fee314608fefbb595502e34383ae8203401"},
]

[package.dependencies]
Django = ">=3.2"

[[package]]
name = "ruff"
version = "0.2.0"
description = "An extremely fast Python linter and code formatter, written in Rust."
optional = false
python-versions = ">=3.7"
files = [
    {file = "ruff-0.2.0-py3-none-macosx_10_12_x86_64.macosx_11_0_arm64.macosx_10_12_universal2.whl", hash = "sha256:638ea3294f800d18bae84a492cb5a245c8d29c90d19a91d8e338937a4c27fca0"},
    {file = "ruff-0.2.0-py3-none-macosx_10_12_x86_64.whl", hash = "sha256:3ff35433fcf4dff6d610738712152df6b7d92351a1bde8e00bd405b08b3d5759"},
    {file = "ruff-0.2.0-py3-none-manylinux_2_17_aarch64.manylinux2014_aarch64.whl", hash = "sha256:bf9faafbdcf4f53917019f2c230766da437d4fd5caecd12ddb68bb6a17d74399"},
    {file = "ruff-0.2.0-py3-none-manylinux_2_17_armv7l.manylinux2014_armv7l.whl", hash = "sha256:8153a3e4128ed770871c47545f1ae7b055023e0c222ff72a759f5a341ee06483"},
    {file = "ruff-0.2.0-py3-none-manylinux_2_17_i686.manylinux2014_i686.whl", hash = "sha256:e8a75a98ae989a27090e9c51f763990ad5bbc92d20626d54e9701c7fe597f399"},
    {file = "ruff-0.2.0-py3-none-manylinux_2_17_ppc64.manylinux2014_ppc64.whl", hash = "sha256:87057dd2fdde297130ff99553be8549ca38a2965871462a97394c22ed2dfc19d"},
    {file = "ruff-0.2.0-py3-none-manylinux_2_17_ppc64le.manylinux2014_ppc64le.whl", hash = "sha256:6d232f99d3ab00094ebaf88e0fb7a8ccacaa54cc7fa3b8993d9627a11e6aed7a"},
    {file = "ruff-0.2.0-py3-none-manylinux_2_17_s390x.manylinux2014_s390x.whl", hash = "sha256:3d3c641f95f435fc6754b05591774a17df41648f0daf3de0d75ad3d9f099ab92"},
    {file = "ruff-0.2.0-py3-none-manylinux_2_17_x86_64.manylinux2014_x86_64.whl", hash = "sha256:3826fb34c144ef1e171b323ed6ae9146ab76d109960addca730756dc19dc7b22"},
    {file = "ruff-0.2.0-py3-none-musllinux_1_2_aarch64.whl", hash = "sha256:eceab7d85d09321b4de18b62d38710cf296cb49e98979960a59c6b9307c18cfe"},
    {file = "ruff-0.2.0-py3-none-musllinux_1_2_armv7l.whl", hash = "sha256:30ad74687e1f4a9ff8e513b20b82ccadb6bd796fe5697f1e417189c5cde6be3e"},
    {file = "ruff-0.2.0-py3-none-musllinux_1_2_i686.whl", hash = "sha256:a7e3818698f8460bd0f8d4322bbe99db8327e9bc2c93c789d3159f5b335f47da"},
    {file = "ruff-0.2.0-py3-none-musllinux_1_2_x86_64.whl", hash = "sha256:edf23041242c48b0d8295214783ef543847ef29e8226d9f69bf96592dba82a83"},
    {file = "ruff-0.2.0-py3-none-win32.whl", hash = "sha256:e155147199c2714ff52385b760fe242bb99ea64b240a9ffbd6a5918eb1268843"},
    {file = "ruff-0.2.0-py3-none-win_amd64.whl", hash = "sha256:ba918e01cdd21e81b07555564f40d307b0caafa9a7a65742e98ff244f5035c59"},
    {file = "ruff-0.2.0-py3-none-win_arm64.whl", hash = "sha256:3fbaff1ba9564a2c5943f8f38bc221f04bac687cc7485e45237579fee7ccda79"},
    {file = "ruff-0.2.0.tar.gz", hash = "sha256:63856b91837606c673537d2889989733d7dffde553828d3b0f0bacfa6def54be"},
]

[[package]]
name = "sqlparse"
version = "0.4.4"
description = "A non-validating SQL parser."
optional = false
python-versions = ">=3.5"
files = [
    {file = "sqlparse-0.4.4-py3-none-any.whl", hash = "sha256:5430a4fe2ac7d0f93e66f1efc6e1338a41884b7ddf2a350cedd20ccc4d9d28f3"},
    {file = "sqlparse-0.4.4.tar.gz", hash = "sha256:d446183e84b8349fa3061f0fe7f06ca94ba65b426946ffebe6e3e8295332420c"},
]

[package.extras]
dev = ["build", "flake8"]
doc = ["sphinx"]
test = ["pytest", "pytest-cov"]

[[package]]
name = "tzdata"
version = "2023.4"
description = "Provider of IANA time zone data"
optional = false
python-versions = ">=2"
files = [
    {file = "tzdata-2023.4-py2.py3-none-any.whl", hash = "sha256:aa3ace4329eeacda5b7beb7ea08ece826c28d761cda36e747cfbf97996d39bf3"},
    {file = "tzdata-2023.4.tar.gz", hash = "sha256:dd54c94f294765522c77399649b4fefd95522479a664a0cec87f41bebc6148c9"},
]

[metadata]
lock-version = "2.0"
python-versions = "^3.12"
content-hash = "1c291c0182cf15748b2958206b52191b57c8169d04fad96e056b61a91f5b05af"
